
Microsoft Visual Studio Solution File, Format Version 12.00
# Visual Studio Version 17
VisualStudioVersion = 17.7.34009.444
MinimumVisualStudioVersion = 10.0.40219.1
Project("{FAE04EC0-301F-11D3-BF4B-00C04F79EFBC}") = "NetworkConfigurationTool", "NetworkConfigurationTool\NetworkConfigurationTool.csproj", "{54E92D01-48A6-4E4A-B0F9-471F17259308}"
EndProject
Global
	GlobalSection(SolutionConfigurationPlatforms) = preSolution
		Debug|Any CPU = Debug|Any CPU
		Release|Any CPU = Release|Any CPU
	EndGlobalSection
	GlobalSection(ProjectConfigurationPlatforms) = postSolution
		{54E92D01-48A6-4E4A-B0F9-471F17259308}.Debug|Any CPU.ActiveCfg = Debug|Any CPU
		{54E92D01-48A6-4E4A-B0F9-471F17259308}.Debug|Any CPU.Build.0 = Debug|Any CPU
		{54E92D01-48A6-4E4A-B0F9-471F17259308}.Release|Any CPU.ActiveCfg = Release|Any CPU
		{54E92D01-48A6-4E4A-B0F9-471F17259308}.Release|Any CPU.Build.0 = Release|Any CPU
	EndGlobalSection
	GlobalSection(SolutionProperties) = preSolution
		HideSolutionNode = FALSE
	EndGlobalSection
	GlobalSection(ExtensibilityGlobals) = postSolution
		SolutionGuid = {4580D773-5DBF-48DC-8170-650207E9D1E5}
	EndGlobalSection
EndGlobal
